// !$*UTF8*$!
{
	archiveVersion = 1;
	classes = {
	};
	objectVersion = 46;
	objects = {

/* Begin PBXBuildFile section */
		E0892A731B6CA151000EBFFD /* AppDelegate.swift in Sources */ = {isa = PBXBuildFile; fileRef = E0892A721B6CA151000EBFFD /* AppDelegate.swift */; };
		E0892A751B6CA151000EBFFD /* ViewController.swift in Sources */ = {isa = PBXBuildFile; fileRef = E0892A741B6CA151000EBFFD /* ViewController.swift */; };
		E0892A781B6CA151000EBFFD /* Main.storyboard in Resources */ = {isa = PBXBuildFile; fileRef = E0892A761B6CA151000EBFFD /* Main.storyboard */; };
		E0892A7A1B6CA151000EBFFD /* Assets.xcassets in Resources */ = {isa = PBXBuildFile; fileRef = E0892A791B6CA151000EBFFD /* Assets.xcassets */; };
		E0892A7D1B6CA151000EBFFD /* LaunchScreen.storyboard in Resources */ = {isa = PBXBuildFile; fileRef = E0892A7B1B6CA151000EBFFD /* LaunchScreen.storyboard */; };
		E0892A851B6CA25A000EBFFD /* 6974484-cute-cat-smile.jpg in Resources */ = {isa = PBXBuildFile; fileRef = E0892A841B6CA25A000EBFFD /* 6974484-cute-cat-smile.jpg */; };
/* End PBXBuildFile section */

/* Begin PBXFileReference section */
		E0892A6F1B6CA151000EBFFD /* Animal Ages.app */ = {isa = PBXFileReference; explicitFileType = wrapper.application; includeInIndex = 0; path = "Animal Ages.app"; sourceTree = BUILT_PRODUCTS_DIR; };
		E0892A721B6CA151000EBFFD /* AppDelegate.swift */ = {isa = PBXFileReference; lastKnownFileType = sourcecode.swift; path = AppDelegate.swift; sourceTree = "<group>"; };
		E0892A741B6CA151000EBFFD /* ViewController.swift */ = {isa = PBXFileReference; lastKnownFileType = sourcecode.swift; path = ViewController.swift; sourceTree = "<group>"; };
		E0892A771B6CA151000EBFFD /* Base */ = {isa = PBXFileReference; lastKnownFileType = file.storyboard; name = Base; path = Base.lproj/Main.storyboard; sourceTree = "<group>"; };
		E0892A791B6CA151000EBFFD /* Assets.xcassets */ = {isa = PBXFileReference; lastKnownFileType = folder.assetcatalog; path = Assets.xcassets; sourceTree = "<group>"; };
		E0892A7C1B6CA151000EBFFD /* Base */ = {isa = PBXFileReference; lastKnownFileType = file.storyboard; name = Base; path = Base.lproj/LaunchScreen.storyboard; sourceTree = "<group>"; };
		E0892A7E1B6CA151000EBFFD /* Info.plist */ = {isa = PBXFileReference; lastKnownFileType = text.plist.xml; path = Info.plist; sourceTree = "<group>"; };
		E0892A841B6CA25A000EBFFD /* 6974484-cute-cat-smile.jpg */ = {isa = PBXFileReference; lastKnownFileType = image.jpeg; path = "6974484-cute-cat-smile.jpg"; sourceTree = "<group>"; };
/* End PBXFileReference section */

/* Begin PBXFrameworksBuildPhase section */
		E0892A6C1B6CA151000EBFFD /* Frameworks */ = {
			isa = PBXFrameworksBuildPhase;
			buildActionMask = 2147483647;
			files = (
			);
			runOnlyForDeploymentPostprocessing = 0;
		};
/* End PBXFrameworksBuildPhase section */

/* Begin PBXGroup section */
		E0892A661B6CA151000EBFFD = {
			isa = PBXGroup;
			children = (
				E0892A711B6CA151000EBFFD /* Animal Ages */,
				E0892A701B6CA151000EBFFD /* Products */,
			);
			sourceTree = "<group>";
		};
		E0892A701B6CA151000EBFFD /* Products */ = {
			isa = PBXGroup;
			children = (
				E0892A6F1B6CA151000EBFFD /* Animal Ages.app */,
			);
			name = Products;
			sourceTree = "<group>";
		};
		E0892A711B6CA151000EBFFD /* Animal Ages */ = {
			isa = PBXGroup;
			children = (
				E0892A721B6CA151000EBFFD /* AppDelegate.swift */,
				E0892A741B6CA151000EBFFD /* ViewController.swift */,
				E0892A761B6CA151000EBFFD /* Main.storyboard */,
				E0892A841B6CA25A000EBFFD /* 6974484-cute-cat-smile.jpg */,
				E0892A791B6CA151000EBFFD /* Assets.xcassets */,
				E0892A7B1B6CA151000EBFFD /* LaunchScreen.storyboard */,
				E0892A7E1B6CA151000EBFFD /* Info.plist */,
			);
			path = "Animal Ages";
			sourceTree = "<group>";
		};
/* End PBXGroup section */

/* Begin PBXNativeTarget section */
		E0892A6E1B6CA151000EBFFD /* Animal Ages */ = {
			isa = PBXNativeTarget;
			buildConfigurationList = E0892A811B6CA151000EBFFD /* Build configuration list for PBXNativeTarget "Animal Ages" */;
			buildPhases = (
				E0892A6B1B6CA151000EBFFD /* Sources */,
				E0892A6C1B6CA151000EBFFD /* Frameworks */,
				E0892A6D1B6CA151000EBFFD /* Resources */,
			);
			buildRules = (
			);
			dependencies = (
			);
			name = "Animal Ages";
			productName = "Animal Ages";
			productReference = E0892A6F1B6CA151000EBFFD /* Animal Ages.app */;
			productType = "com.apple.product-type.application";
		};
/* End PBXNativeTarget section */

/* Begin PBXProject section */
		E0892A671B6CA151000EBFFD /* Project object */ = {
			isa = PBXProject;
			attributes = {
				LastUpgradeCheck = 0700;
				ORGANIZATIONNAME = "Ashley D Designs";
				TargetAttributes = {
					E0892A6E1B6CA151000EBFFD = {
						CreatedOnToolsVersion = 7.0;
					};
				};
			};
			buildConfigurationList = E0892A6A1B6CA151000EBFFD /* Build configuration list for PBXProject "Animal Ages" */;
			compatibilityVersion = "Xcode 3.2";
			developmentRegion = English;
			hasScannedForEncodings = 0;
			knownRegions = (
				en,
				Base,
			);
			mainGroup = E0892A661B6CA151000EBFFD;
			productRefGroup = E0892A701B6CA151000EBFFD /* Products */;
			projectDirPath = "";
			projectRoot = "";
			targets = (
				E0892A6E1B6CA151000EBFFD /* Animal Ages */,
			);
		};
/* End PBXProject section */

/* Begin PBXResourcesBuildPhase section */
		E0892A6D1B6CA151000EBFFD /* Resources */ = {
			isa = PBXResourcesBuildPhase;
			buildActionMask = 2147483647;
			files = (
				E0892A7D1B6CA151000EBFFD /* LaunchScreen.storyboard in Resources */,
				E0892A851B6CA25A000EBFFD /* 6974484-cute-cat-smile.jpg in Resources */,
				E0892A7A1B6CA151000EBFFD /* Assets.xcassets in Resources */,
				E0892A781B6CA151000EBFFD /* Main.storyboard in Resources */,
			);
			runOnlyForDeploymentPostprocessing = 0;
		};
/* End PBXResourcesBuildPhase section */

/* Begin PBXSourcesBuildPhase section */
		E0892A6B1B6CA151000EBFFD /* Sources */ = {
			isa = PBXSourcesBuildPhase;
			buildActionMask = 2147483647;
			files = (
				E0892A751B6CA151000EBFFD /* ViewController.swift in Sources */,
				E0892A731B6CA151000EBFFD /* AppDelegate.swift in Sources */,
			);
			runOnlyForDeploymentPostprocessing = 0;
		};
/* End PBXSourcesBuildPhase section */

/* Begin PBXVariantGroup section */
		E0892A761B6CA151000EBFFD /* Main.storyboard */ = {
			isa = PBXVariantGroup;
			children = (
				E0892A771B6CA151000EBFFD /* Base */,
			);
			name = Main.storyboard;
			sourceTree = "<group>";
		};
		E0892A7B1B6CA151000EBFFD /* LaunchScreen.storyboard */ = {
			isa = PBXVariantGroup;
			children = (
				E0892A7C1B6CA151000EBFFD /* Base */,
			);
			name = LaunchScreen.storyboard;
			sourceTree = "<group>";
		};
/* End PBXVariantGroup section */

/* Begin XCBuildConfiguration section */
		E0892A7F1B6CA151000EBFFD /* Debug */ = {
			isa = XCBuildConfiguration;
			buildSettings = {
				ALWAYS_SEARCH_USER_PATHS = NO;
				CLANG_CXX_LANGUAGE_STANDARD = "gnu++0x";
				CLANG_CXX_LIBRARY = "libc++";
				CLANG_ENABLE_MODULES = YES;
				CLANG_ENABLE_OBJC_ARC = YES;
				CLANG_WARN_BOOL_CONVERSION = YES;
				CLANG_WARN_CONSTANT_CONVERSION = YES;
				CLANG_WARN_DIRECT_OBJC_ISA_USAGE = YES_ERROR;
				CLANG_WARN_EMPTY_BODY = YES;
				CLANG_WARN_ENUM_CONVERSION = YES;
				CLANG_WARN_INT_CONVERSION = YES;
				CLANG_WARN_OBJC_ROOT_CLASS = YES_ERROR;
				CLANG_WARN_UNREACHABLE_CODE = YES;
				CLANG_WARN__DUPLICATE_METHOD_MATCH = YES;
				"CODE_SIGN_IDENTITY[sdk=iphoneos*]" = "iPhone Developer";
				COPY_PHASE_STRIP = NO;
				DEBUG_INFORMATION_FORMAT = dwarf;
				ENABLE_STRICT_OBJC_MSGSEND = YES;
				ENABLE_TESTABILITY = YES;
				GCC_C_LANGUAGE_STANDARD = gnu99;
				GCC_DYNAMIC_NO_PIC = NO;
				GCC_NO_COMMON_BLOCKS = YES;
				GCC_OPTIMIZATION_LEVEL = 0;
				GCC_PREPROCESSOR_DEFINITIONS = (
					"DEBUG=1",
					"$(inherited)",
				);
				GCC_WARN_64_TO_32_BIT_CONVERSION = YES;
				GCC_WARN_ABOUT_RETURN_TYPE = YES_ERROR;
				GCC_WARN_UNDECLARED_SELECTOR = YES;
				GCC_WARN_UNINITIALIZED_AUTOS = YES_AGGRESSIVE;
				GCC_WARN_UNUSED_FUNCTION = YES;
				GCC_WARN_UNUSED_VARIABLE = YES;
				IPHONEOS_DEPLOYMENT_TARGET = 9.0;
				MTL_ENABLE_DEBUG_INFO = YES;
				ONLY_ACTIVE_ARCH = YES;
				SDKROOT = iphoneos;
				SWIFT_OPTIMIZATION_LEVEL = "-Onone";
			};
			name = Debug;
		};
		E0892A801B6CA151000EBFFD /* Release */ = {
			isa = XCBuildConfiguration;
			buildSettings = {
				ALWAYS_SEARCH_USER_PATHS = NO;
				CLANG_CXX_LANGUAGE_STANDARD = "gnu++0x";
				CLANG_CXX_LIBRARY = "libc++";
				CLANG_ENABLE_MODULES = YES;
				CLANG_ENABLE_OBJC_ARC = YES;
				CLANG_WARN_BOOL_CONVERSION = YES;
				CLANG_WARN_CONSTANT_CONVERSION = YES;
				CLANG_WARN_DIRECT_OBJC_ISA_USAGE = YES_ERROR;
				CLANG_WARN_EMPTY_BODY = YES;
				CLANG_WARN_ENUM_CONVERSION = YES;
				CLANG_WARN_INT_CONVERSION = YES;
				CLANG_WARN_OBJC_ROOT_CLASS = YES_ERROR;
				CLANG_WARN_UNREACHABLE_CODE = YES;
				CLANG_WARN__DUPLICATE_METHOD_MATCH = YES;
				"CODE_SIGN_IDENTITY[sdk=iphoneos*]" = "iPhone Developer";
				COPY_PHASE_STRIP = NO;
				DEBUG_INFORMATION_FORMAT = "dwarf-with-dsym";
				ENABLE_NS_ASSERTIONS = NO;
				ENABLE_STRICT_OBJC_MSGSEND = YES;
				GCC_C_LANGUAGE_STANDARD = gnu99;
				GCC_NO_COMMON_BLOCKS = YES;
				GCC_WARN_64_TO_32_BIT_CONVERSION = YES;
				GCC_WARN_ABOUT_RETURN_TYPE = YES_ERROR;
				GCC_WARN_UNDECLARED_SELECTOR = YES;
				GCC_WARN_UNINITIALIZED_AUTOS = YES_AGGRESSIVE;
				GCC_WARN_UNUSED_FUNCTION = YES;
				GCC_WARN_UNUSED_VARIABLE = YES;
				IPHONEOS_DEPLOYMENT_TARGET = 9.0;
				MTL_ENABLE_DEBUG_INFO = NO;
				SDKROOT = iphoneos;
				VALIDATE_PRODUCT = YES;
			};
			name = Release;
		};
		E0892A821B6CA151000EBFFD /* Debug */ = {
			isa = XCBuildConfiguration;
			buildSettings = {
				ASSETCATALOG_COMPILER_APPICON_NAME = AppIcon;
				INFOPLIST_FILE = "Animal Ages/Info.plist";
				LD_RUNPATH_SEARCH_PATHS = "$(inherited) @executable_path/Frameworks";
				PRODUCT_BUNDLE_IDENTIFIER = "com.ashleyddesigns.Animal-Ages";
				PRODUCT_NAME = "$(TARGET_NAME)";
			};
			name = Debug;
		};
		E0892A831B6CA151000EBFFD /* Release */ = {
			isa = XCBuildConfiguration;
			buildSettings = {
				ASSETCATALOG_COMPILER_APPICON_NAME = AppIcon;
				INFOPLIST_FILE = "Animal Ages/Info.plist";
				LD_RUNPATH_SEARCH_PATHS = "$(inherited) @executable_path/Frameworks";
				PRODUCT_BUNDLE_IDENTIFIER = "com.ashleyddesigns.Animal-Ages";
				PRODUCT_NAME = "$(TARGET_NAME)";
			};
			name = Release;
		};
/* End XCBuildConfiguration section */

/* Begin XCConfigurationList section */
		E0892A6A1B6CA151000EBFFD /* Build configuration list for PBXProject "Animal Ages" */ = {
			isa = XCConfigurationList;
			buildConfigurations = (
				E0892A7F1B6CA151000EBFFD /* Debug */,
				E0892A801B6CA151000EBFFD /* Release */,
			);
			defaultConfigurationIsVisible = 0;
			defaultConfigurationName = Release;
		};
		E0892A811B6CA151000EBFFD /* Build configuration list for PBXNativeTarget "Animal Ages" */ = {
			isa = XCConfigurationList;
			buildConfigurations = (
				E0892A821B6CA151000EBFFD /* Debug */,
				E0892A831B6CA151000EBFFD /* Release */,
			);
			defaultConfigurationIsVisible = 0;
		};
/* End XCConfigurationList section */
	};
	rootObject = E0892A671B6CA151000EBFFD /* Project object */;
}
